// !$*UTF8*$!
{
	archiveVersion = 1;
	classes = {
	};
	objectVersion = 56;
	objects = {

/* Begin PBXBuildFile section */
		DB0303D82ABD751F00894812 /* ProfileImageService.swift in Sources */ = {isa = PBXBuildFile; fileRef = DB0303D72ABD751F00894812 /* ProfileImageService.swift */; };
		DB03797029D7C90A0067A8BF /* Constants.swift in Sources */ = {isa = PBXBuildFile; fileRef = DB03796F29D7C90A0067A8BF /* Constants.swift */; };
		DB03797329D80C7D0067A8BF /* AuthViewController.swift in Sources */ = {isa = PBXBuildFile; fileRef = DB03797229D80C7D0067A8BF /* AuthViewController.swift */; };
		DB03797629D80CDA0067A8BF /* WebViewViewController.swift in Sources */ = {isa = PBXBuildFile; fileRef = DB03797529D80CDA0067A8BF /* WebViewViewController.swift */; };
		DB16FDE229B737EE005FA5EC /* ImagesCell.swift in Sources */ = {isa = PBXBuildFile; fileRef = DB16FDE129B737EE005FA5EC /* ImagesCell.swift */; };
		DB2998C029E95CD900F1DFEB /* OAuth2Service.swift in Sources */ = {isa = PBXBuildFile; fileRef = DB2998BF29E95CD900F1DFEB /* OAuth2Service.swift */; };
		DB2998C229E95DCC00F1DFEB /* OAuth2TokenStorage.swift in Sources */ = {isa = PBXBuildFile; fileRef = DB2998C129E95DCC00F1DFEB /* OAuth2TokenStorage.swift */; };
		DB50915529BC2D65004E5658 /* ProfileViewController.swift in Sources */ = {isa = PBXBuildFile; fileRef = DB50915429BC2D65004E5658 /* ProfileViewController.swift */; };
		DB50915C29C02B1C004E5658 /* SingleImageViewController.swift in Sources */ = {isa = PBXBuildFile; fileRef = DB50915B29C02B1C004E5658 /* SingleImageViewController.swift */; };
		DB51D7C229A034950060FFD7 /* AppDelegate.swift in Sources */ = {isa = PBXBuildFile; fileRef = DB51D7C129A034950060FFD7 /* AppDelegate.swift */; };
		DB51D7C429A034950060FFD7 /* SceneDelegate.swift in Sources */ = {isa = PBXBuildFile; fileRef = DB51D7C329A034950060FFD7 /* SceneDelegate.swift */; };
		DB51D7C629A034950060FFD7 /* ImagesListViewController.swift in Sources */ = {isa = PBXBuildFile; fileRef = DB51D7C529A034950060FFD7 /* ImagesListViewController.swift */; };
		DB51D7C929A034950060FFD7 /* Main.storyboard in Resources */ = {isa = PBXBuildFile; fileRef = DB51D7C729A034950060FFD7 /* Main.storyboard */; };
		DB51D7CB29A034970060FFD7 /* Assets.xcassets in Resources */ = {isa = PBXBuildFile; fileRef = DB51D7CA29A034970060FFD7 /* Assets.xcassets */; };
		DB51D7CE29A034970060FFD7 /* LaunchScreen.storyboard in Resources */ = {isa = PBXBuildFile; fileRef = DB51D7CC29A034970060FFD7 /* LaunchScreen.storyboard */; };
		DB9214652AB0863800543633 /* SplashViewController.swift in Sources */ = {isa = PBXBuildFile; fileRef = DB9214642AB0863800543633 /* SplashViewController.swift */; };
		DBC204BE2AB19FEB0064CDD1 /* TabBarViewController.swift in Sources */ = {isa = PBXBuildFile; fileRef = DBC204BD2AB19FEB0064CDD1 /* TabBarViewController.swift */; };
		DBC204C22AB418320064CDD1 /* ProgressHUD in Frameworks */ = {isa = PBXBuildFile; productRef = DBC204C12AB418320064CDD1 /* ProgressHUD */; };
		DBC204C42AB553670064CDD1 /* ProfileService.swift in Sources */ = {isa = PBXBuildFile; fileRef = DBC204C32AB553670064CDD1 /* ProfileService.swift */; };
		DBD0249B2ACADAA100D49E1A /* Kingfisher in Frameworks */ = {isa = PBXBuildFile; productRef = DBD0249A2ACADAA100D49E1A /* Kingfisher */; };
		DBD0249E2ACC287F00D49E1A /* SwiftKeychainWrapper in Frameworks */ = {isa = PBXBuildFile; productRef = DBD0249D2ACC287F00D49E1A /* SwiftKeychainWrapper */; };
		DBD024A32ACD102B00D49E1A /* TabBarController.swift in Sources */ = {isa = PBXBuildFile; fileRef = DBD024A22ACD102B00D49E1A /* TabBarController.swift */; };
		DBE883CF29C9E45900B1B4CC /* SF-Pro.ttf in Resources */ = {isa = PBXBuildFile; fileRef = DBE883CE29C9E45900B1B4CC /* SF-Pro.ttf */; };
/* End PBXBuildFile section */

/* Begin PBXFileReference section */
		DB0303D72ABD751F00894812 /* ProfileImageService.swift */ = {isa = PBXFileReference; lastKnownFileType = sourcecode.swift; path = ProfileImageService.swift; sourceTree = "<group>"; };
		DB03796F29D7C90A0067A8BF /* Constants.swift */ = {isa = PBXFileReference; lastKnownFileType = sourcecode.swift; path = Constants.swift; sourceTree = "<group>"; };
		DB03797229D80C7D0067A8BF /* AuthViewController.swift */ = {isa = PBXFileReference; lastKnownFileType = sourcecode.swift; path = AuthViewController.swift; sourceTree = "<group>"; };
		DB03797529D80CDA0067A8BF /* WebViewViewController.swift */ = {isa = PBXFileReference; lastKnownFileType = sourcecode.swift; path = WebViewViewController.swift; sourceTree = "<group>"; };
		DB16FDE129B737EE005FA5EC /* ImagesCell.swift */ = {isa = PBXFileReference; lastKnownFileType = sourcecode.swift; path = ImagesCell.swift; sourceTree = "<group>"; };
		DB2998BF29E95CD900F1DFEB /* OAuth2Service.swift */ = {isa = PBXFileReference; lastKnownFileType = sourcecode.swift; path = OAuth2Service.swift; sourceTree = "<group>"; };
		DB2998C129E95DCC00F1DFEB /* OAuth2TokenStorage.swift */ = {isa = PBXFileReference; lastKnownFileType = sourcecode.swift; path = OAuth2TokenStorage.swift; sourceTree = "<group>"; };
		DB50915429BC2D65004E5658 /* ProfileViewController.swift */ = {isa = PBXFileReference; lastKnownFileType = sourcecode.swift; path = ProfileViewController.swift; sourceTree = "<group>"; };
		DB50915B29C02B1C004E5658 /* SingleImageViewController.swift */ = {isa = PBXFileReference; lastKnownFileType = sourcecode.swift; path = SingleImageViewController.swift; sourceTree = "<group>"; };
		DB51D7BE29A034950060FFD7 /* ImageFeed.app */ = {isa = PBXFileReference; explicitFileType = wrapper.application; includeInIndex = 0; path = ImageFeed.app; sourceTree = BUILT_PRODUCTS_DIR; };
		DB51D7C129A034950060FFD7 /* AppDelegate.swift */ = {isa = PBXFileReference; lastKnownFileType = sourcecode.swift; path = AppDelegate.swift; sourceTree = "<group>"; };
		DB51D7C329A034950060FFD7 /* SceneDelegate.swift */ = {isa = PBXFileReference; lastKnownFileType = sourcecode.swift; path = SceneDelegate.swift; sourceTree = "<group>"; };
		DB51D7C529A034950060FFD7 /* ImagesListViewController.swift */ = {isa = PBXFileReference; lastKnownFileType = sourcecode.swift; path = ImagesListViewController.swift; sourceTree = "<group>"; };
		DB51D7C829A034950060FFD7 /* Base */ = {isa = PBXFileReference; lastKnownFileType = file.storyboard; name = Base; path = Base.lproj/Main.storyboard; sourceTree = "<group>"; };
		DB51D7CA29A034970060FFD7 /* Assets.xcassets */ = {isa = PBXFileReference; lastKnownFileType = folder.assetcatalog; path = Assets.xcassets; sourceTree = "<group>"; };
		DB51D7CD29A034970060FFD7 /* Base */ = {isa = PBXFileReference; lastKnownFileType = file.storyboard; name = Base; path = Base.lproj/LaunchScreen.storyboard; sourceTree = "<group>"; };
		DB51D7CF29A034970060FFD7 /* Info.plist */ = {isa = PBXFileReference; lastKnownFileType = text.plist.xml; path = Info.plist; sourceTree = "<group>"; };
		DB9214642AB0863800543633 /* SplashViewController.swift */ = {isa = PBXFileReference; lastKnownFileType = sourcecode.swift; path = SplashViewController.swift; sourceTree = "<group>"; };
		DBC204BD2AB19FEB0064CDD1 /* TabBarViewController.swift */ = {isa = PBXFileReference; lastKnownFileType = sourcecode.swift; path = TabBarViewController.swift; sourceTree = "<group>"; };
		DBC204C32AB553670064CDD1 /* ProfileService.swift */ = {isa = PBXFileReference; lastKnownFileType = sourcecode.swift; path = ProfileService.swift; sourceTree = "<group>"; };
		DBD024A22ACD102B00D49E1A /* TabBarController.swift */ = {isa = PBXFileReference; lastKnownFileType = sourcecode.swift; path = TabBarController.swift; sourceTree = "<group>"; };
		DBE883CE29C9E45900B1B4CC /* SF-Pro.ttf */ = {isa = PBXFileReference; lastKnownFileType = file; path = "SF-Pro.ttf"; sourceTree = "<group>"; };
/* End PBXFileReference section */

/* Begin PBXFrameworksBuildPhase section */
		DB51D7BB29A034950060FFD7 /* Frameworks */ = {
			isa = PBXFrameworksBuildPhase;
			buildActionMask = 2147483647;
			files = (
				DBD0249B2ACADAA100D49E1A /* Kingfisher in Frameworks */,
				DBC204C22AB418320064CDD1 /* ProgressHUD in Frameworks */,
				DBD0249E2ACC287F00D49E1A /* SwiftKeychainWrapper in Frameworks */,
			);
			runOnlyForDeploymentPostprocessing = 0;
		};
/* End PBXFrameworksBuildPhase section */

/* Begin PBXGroup section */
		DB0303DA2AC0029A00894812 /* ProfileImageService */ = {
			isa = PBXGroup;
			children = (
				DB0303D72ABD751F00894812 /* ProfileImageService.swift */,
			);
			path = ProfileImageService;
			sourceTree = "<group>";
		};
		DB03797429D80C9E0067A8BF /* Auth */ = {
			isa = PBXGroup;
			children = (
				DB03797229D80C7D0067A8BF /* AuthViewController.swift */,
				DB03797529D80CDA0067A8BF /* WebViewViewController.swift */,
				DB2998BF29E95CD900F1DFEB /* OAuth2Service.swift */,
				DB2998C129E95DCC00F1DFEB /* OAuth2TokenStorage.swift */,
			);
			path = Auth;
			sourceTree = "<group>";
		};
		DB16FDE329B737FE005FA5EC /* ImagesList */ = {
			isa = PBXGroup;
			children = (
				DB51D7C529A034950060FFD7 /* ImagesListViewController.swift */,
				DB16FDE129B737EE005FA5EC /* ImagesCell.swift */,
			);
			path = ImagesList;
			sourceTree = "<group>";
		};
		DB50915A29BC4215004E5658 /* Profile */ = {
			isa = PBXGroup;
			children = (
				DB50915429BC2D65004E5658 /* ProfileViewController.swift */,
				DB03796F29D7C90A0067A8BF /* Constants.swift */,
			);
			path = Profile;
			sourceTree = "<group>";
		};
		DB50915D29C035FE004E5658 /* SingleImageViewController */ = {
			isa = PBXGroup;
			children = (
				DB50915B29C02B1C004E5658 /* SingleImageViewController.swift */,
			);
			path = SingleImageViewController;
			sourceTree = "<group>";
		};
		DB51D7B529A034950060FFD7 = {
			isa = PBXGroup;
			children = (
				DBD024A22ACD102B00D49E1A /* TabBarController.swift */,
				DB51D7C029A034950060FFD7 /* ImageFeed */,
				DB51D7BF29A034950060FFD7 /* Products */,
			);
			sourceTree = "<group>";
		};
		DB51D7BF29A034950060FFD7 /* Products */ = {
			isa = PBXGroup;
			children = (
				DB51D7BE29A034950060FFD7 /* ImageFeed.app */,
			);
			name = Products;
			sourceTree = "<group>";
		};
		DB51D7C029A034950060FFD7 /* ImageFeed */ = {
			isa = PBXGroup;
			children = (
				DB51D7C129A034950060FFD7 /* AppDelegate.swift */,
				DB50915D29C035FE004E5658 /* SingleImageViewController */,
				DB51D7C329A034950060FFD7 /* SceneDelegate.swift */,
				DB9214662AB0864900543633 /* SplashViewController */,
				DB50915A29BC4215004E5658 /* Profile */,
				DBC204C52AB553710064CDD1 /* ProfileService */,
				DB16FDE329B737FE005FA5EC /* ImagesList */,
				DB51D7CC29A034970060FFD7 /* LaunchScreen.storyboard */,
				DB51D7C729A034950060FFD7 /* Main.storyboard */,
				DBC204BF2AB19FF40064CDD1 /* TabBarViewController */,
				DB03797429D80C9E0067A8BF /* Auth */,
				DB51D7CF29A034970060FFD7 /* Info.plist */,
				DB51D7CA29A034970060FFD7 /* Assets.xcassets */,
				DBE883D029C9E46000B1B4CC /* Fonts */,
			);
			path = ImageFeed;
			sourceTree = "<group>";
		};
		DB9214662AB0864900543633 /* SplashViewController */ = {
			isa = PBXGroup;
			children = (
				DB9214642AB0863800543633 /* SplashViewController.swift */,
			);
			path = SplashViewController;
			sourceTree = "<group>";
		};
		DBC204BF2AB19FF40064CDD1 /* TabBarViewController */ = {
			isa = PBXGroup;
			children = (
				DBC204BD2AB19FEB0064CDD1 /* TabBarViewController.swift */,
			);
			path = TabBarViewController;
			sourceTree = "<group>";
		};
		DBC204C52AB553710064CDD1 /* ProfileService */ = {
			isa = PBXGroup;
			children = (
				DB0303DA2AC0029A00894812 /* ProfileImageService */,
				DBC204C32AB553670064CDD1 /* ProfileService.swift */,
			);
			path = ProfileService;
			sourceTree = "<group>";
		};
		DBE883D029C9E46000B1B4CC /* Fonts */ = {
			isa = PBXGroup;
			children = (
				DBE883CE29C9E45900B1B4CC /* SF-Pro.ttf */,
			);
			path = Fonts;
			sourceTree = "<group>";
		};
/* End PBXGroup section */

/* Begin PBXNativeTarget section */
		DB51D7BD29A034950060FFD7 /* ImageFeed */ = {
			isa = PBXNativeTarget;
			buildConfigurationList = DB51D7D229A034970060FFD7 /* Build configuration list for PBXNativeTarget "ImageFeed" */;
			buildPhases = (
				DB51D7BA29A034950060FFD7 /* Sources */,
				DB51D7BB29A034950060FFD7 /* Frameworks */,
				DB51D7BC29A034950060FFD7 /* Resources */,
			);
			buildRules = (
			);
			dependencies = (
			);
			name = ImageFeed;
			packageProductDependencies = (
				DBC204C12AB418320064CDD1 /* ProgressHUD */,
				DBD0249A2ACADAA100D49E1A /* Kingfisher */,
				DBD0249D2ACC287F00D49E1A /* SwiftKeychainWrapper */,
			);
			productName = ImageFeed;
			productReference = DB51D7BE29A034950060FFD7 /* ImageFeed.app */;
			productType = "com.apple.product-type.application";
		};
/* End PBXNativeTarget section */

/* Begin PBXProject section */
		DB51D7B629A034950060FFD7 /* Project object */ = {
			isa = PBXProject;
			attributes = {
				BuildIndependentTargetsInParallel = 1;
				LastSwiftUpdateCheck = 1410;
				LastUpgradeCheck = 1410;
				TargetAttributes = {
					DB51D7BD29A034950060FFD7 = {
						CreatedOnToolsVersion = 14.1;
					};
				};
			};
			buildConfigurationList = DB51D7B929A034950060FFD7 /* Build configuration list for PBXProject "ImageFeed" */;
			compatibilityVersion = "Xcode 14.0";
			developmentRegion = en;
			hasScannedForEncodings = 0;
			knownRegions = (
				en,
				Base,
			);
			mainGroup = DB51D7B529A034950060FFD7;
			packageReferences = (
				DBC204C02AB418320064CDD1 /* XCRemoteSwiftPackageReference "ProgressHUD" */,
				DBD024992ACADAA100D49E1A /* XCRemoteSwiftPackageReference "Kingfisher" */,
				DBD0249C2ACC287F00D49E1A /* XCRemoteSwiftPackageReference "SwiftKeychainWrapper" */,
			);
			productRefGroup = DB51D7BF29A034950060FFD7 /* Products */;
			projectDirPath = "";
			projectRoot = "";
			targets = (
				DB51D7BD29A034950060FFD7 /* ImageFeed */,
			);
		};
/* End PBXProject section */

/* Begin PBXResourcesBuildPhase section */
		DB51D7BC29A034950060FFD7 /* Resources */ = {
			isa = PBXResourcesBuildPhase;
			buildActionMask = 2147483647;
			files = (
				DB51D7CE29A034970060FFD7 /* LaunchScreen.storyboard in Resources */,
				DBE883CF29C9E45900B1B4CC /* SF-Pro.ttf in Resources */,
				DB51D7CB29A034970060FFD7 /* Assets.xcassets in Resources */,
				DB51D7C929A034950060FFD7 /* Main.storyboard in Resources */,
			);
			runOnlyForDeploymentPostprocessing = 0;
		};
/* End PBXResourcesBuildPhase section */

/* Begin PBXSourcesBuildPhase section */
		DB51D7BA29A034950060FFD7 /* Sources */ = {
			isa = PBXSourcesBuildPhase;
			buildActionMask = 2147483647;
			files = (
				DB51D7C629A034950060FFD7 /* ImagesListViewController.swift in Sources */,
				DB03797629D80CDA0067A8BF /* WebViewViewController.swift in Sources */,
				DB16FDE229B737EE005FA5EC /* ImagesCell.swift in Sources */,
				DB9214652AB0863800543633 /* SplashViewController.swift in Sources */,
				DBD024A32ACD102B00D49E1A /* TabBarController.swift in Sources */,
				DB50915529BC2D65004E5658 /* ProfileViewController.swift in Sources */,
				DB2998C229E95DCC00F1DFEB /* OAuth2TokenStorage.swift in Sources */,
				DB51D7C229A034950060FFD7 /* AppDelegate.swift in Sources */,
				DB03797329D80C7D0067A8BF /* AuthViewController.swift in Sources */,
				DB03797029D7C90A0067A8BF /* Constants.swift in Sources */,
				DB50915C29C02B1C004E5658 /* SingleImageViewController.swift in Sources */,
				DBC204BE2AB19FEB0064CDD1 /* TabBarViewController.swift in Sources */,
				DB2998C029E95CD900F1DFEB /* OAuth2Service.swift in Sources */,
				DB0303D82ABD751F00894812 /* ProfileImageService.swift in Sources */,
				DB51D7C429A034950060FFD7 /* SceneDelegate.swift in Sources */,
				DBC204C42AB553670064CDD1 /* ProfileService.swift in Sources */,
			);
			runOnlyForDeploymentPostprocessing = 0;
		};
/* End PBXSourcesBuildPhase section */

/* Begin PBXVariantGroup section */
		DB51D7C729A034950060FFD7 /* Main.storyboard */ = {
			isa = PBXVariantGroup;
			children = (
				DB51D7C829A034950060FFD7 /* Base */,
			);
			name = Main.storyboard;
			sourceTree = "<group>";
		};
		DB51D7CC29A034970060FFD7 /* LaunchScreen.storyboard */ = {
			isa = PBXVariantGroup;
			children = (
				DB51D7CD29A034970060FFD7 /* Base */,
			);
			name = LaunchScreen.storyboard;
			sourceTree = "<group>";
		};
/* End PBXVariantGroup section */

/* Begin XCBuildConfiguration section */
		DB51D7D029A034970060FFD7 /* Debug */ = {
			isa = XCBuildConfiguration;
			buildSettings = {
				ALWAYS_SEARCH_USER_PATHS = NO;
				CLANG_ANALYZER_NONNULL = YES;
				CLANG_ANALYZER_NUMBER_OBJECT_CONVERSION = YES_AGGRESSIVE;
				CLANG_CXX_LANGUAGE_STANDARD = "gnu++20";
				CLANG_ENABLE_MODULES = YES;
				CLANG_ENABLE_OBJC_ARC = YES;
				CLANG_ENABLE_OBJC_WEAK = YES;
				CLANG_WARN_BLOCK_CAPTURE_AUTORELEASING = YES;
				CLANG_WARN_BOOL_CONVERSION = YES;
				CLANG_WARN_COMMA = YES;
				CLANG_WARN_CONSTANT_CONVERSION = YES;
				CLANG_WARN_DEPRECATED_OBJC_IMPLEMENTATIONS = YES;
				CLANG_WARN_DIRECT_OBJC_ISA_USAGE = YES_ERROR;
				CLANG_WARN_DOCUMENTATION_COMMENTS = YES;
				CLANG_WARN_EMPTY_BODY = YES;
				CLANG_WARN_ENUM_CONVERSION = YES;
				CLANG_WARN_INFINITE_RECURSION = YES;
				CLANG_WARN_INT_CONVERSION = YES;
				CLANG_WARN_NON_LITERAL_NULL_CONVERSION = YES;
				CLANG_WARN_OBJC_IMPLICIT_RETAIN_SELF = YES;
				CLANG_WARN_OBJC_LITERAL_CONVERSION = YES;
				CLANG_WARN_OBJC_ROOT_CLASS = YES_ERROR;
				CLANG_WARN_QUOTED_INCLUDE_IN_FRAMEWORK_HEADER = YES;
				CLANG_WARN_RANGE_LOOP_ANALYSIS = YES;
				CLANG_WARN_STRICT_PROTOTYPES = YES;
				CLANG_WARN_SUSPICIOUS_MOVE = YES;
				CLANG_WARN_UNGUARDED_AVAILABILITY = YES_AGGRESSIVE;
				CLANG_WARN_UNREACHABLE_CODE = YES;
				CLANG_WARN__DUPLICATE_METHOD_MATCH = YES;
				COPY_PHASE_STRIP = NO;
				DEBUG_INFORMATION_FORMAT = dwarf;
				ENABLE_STRICT_OBJC_MSGSEND = YES;
				ENABLE_TESTABILITY = YES;
				GCC_C_LANGUAGE_STANDARD = gnu11;
				GCC_DYNAMIC_NO_PIC = NO;
				GCC_NO_COMMON_BLOCKS = YES;
				GCC_OPTIMIZATION_LEVEL = 0;
				GCC_PREPROCESSOR_DEFINITIONS = (
					"DEBUG=1",
					"$(inherited)",
				);
				GCC_WARN_64_TO_32_BIT_CONVERSION = YES;
				GCC_WARN_ABOUT_RETURN_TYPE = YES_ERROR;
				GCC_WARN_UNDECLARED_SELECTOR = YES;
				GCC_WARN_UNINITIALIZED_AUTOS = YES_AGGRESSIVE;
				GCC_WARN_UNUSED_FUNCTION = YES;
				GCC_WARN_UNUSED_VARIABLE = YES;
				IPHONEOS_DEPLOYMENT_TARGET = 16.1;
				MTL_ENABLE_DEBUG_INFO = INCLUDE_SOURCE;
				MTL_FAST_MATH = YES;
				ONLY_ACTIVE_ARCH = YES;
				SDKROOT = iphoneos;
				SWIFT_ACTIVE_COMPILATION_CONDITIONS = DEBUG;
				SWIFT_OPTIMIZATION_LEVEL = "-Onone";
			};
			name = Debug;
		};
		DB51D7D129A034970060FFD7 /* Release */ = {
			isa = XCBuildConfiguration;
			buildSettings = {
				ALWAYS_SEARCH_USER_PATHS = NO;
				CLANG_ANALYZER_NONNULL = YES;
				CLANG_ANALYZER_NUMBER_OBJECT_CONVERSION = YES_AGGRESSIVE;
				CLANG_CXX_LANGUAGE_STANDARD = "gnu++20";
				CLANG_ENABLE_MODULES = YES;
				CLANG_ENABLE_OBJC_ARC = YES;
				CLANG_ENABLE_OBJC_WEAK = YES;
				CLANG_WARN_BLOCK_CAPTURE_AUTORELEASING = YES;
				CLANG_WARN_BOOL_CONVERSION = YES;
				CLANG_WARN_COMMA = YES;
				CLANG_WARN_CONSTANT_CONVERSION = YES;
				CLANG_WARN_DEPRECATED_OBJC_IMPLEMENTATIONS = YES;
				CLANG_WARN_DIRECT_OBJC_ISA_USAGE = YES_ERROR;
				CLANG_WARN_DOCUMENTATION_COMMENTS = YES;
				CLANG_WARN_EMPTY_BODY = YES;
				CLANG_WARN_ENUM_CONVERSION = YES;
				CLANG_WARN_INFINITE_RECURSION = YES;
				CLANG_WARN_INT_CONVERSION = YES;
				CLANG_WARN_NON_LITERAL_NULL_CONVERSION = YES;
				CLANG_WARN_OBJC_IMPLICIT_RETAIN_SELF = YES;
				CLANG_WARN_OBJC_LITERAL_CONVERSION = YES;
				CLANG_WARN_OBJC_ROOT_CLASS = YES_ERROR;
				CLANG_WARN_QUOTED_INCLUDE_IN_FRAMEWORK_HEADER = YES;
				CLANG_WARN_RANGE_LOOP_ANALYSIS = YES;
				CLANG_WARN_STRICT_PROTOTYPES = YES;
				CLANG_WARN_SUSPICIOUS_MOVE = YES;
				CLANG_WARN_UNGUARDED_AVAILABILITY = YES_AGGRESSIVE;
				CLANG_WARN_UNREACHABLE_CODE = YES;
				CLANG_WARN__DUPLICATE_METHOD_MATCH = YES;
				COPY_PHASE_STRIP = NO;
				DEBUG_INFORMATION_FORMAT = "dwarf-with-dsym";
				ENABLE_NS_ASSERTIONS = NO;
				ENABLE_STRICT_OBJC_MSGSEND = YES;
				GCC_C_LANGUAGE_STANDARD = gnu11;
				GCC_NO_COMMON_BLOCKS = YES;
				GCC_WARN_64_TO_32_BIT_CONVERSION = YES;
				GCC_WARN_ABOUT_RETURN_TYPE = YES_ERROR;
				GCC_WARN_UNDECLARED_SELECTOR = YES;
				GCC_WARN_UNINITIALIZED_AUTOS = YES_AGGRESSIVE;
				GCC_WARN_UNUSED_FUNCTION = YES;
				GCC_WARN_UNUSED_VARIABLE = YES;
				IPHONEOS_DEPLOYMENT_TARGET = 16.1;
				MTL_ENABLE_DEBUG_INFO = NO;
				MTL_FAST_MATH = YES;
				SDKROOT = iphoneos;
				SWIFT_COMPILATION_MODE = wholemodule;
				SWIFT_OPTIMIZATION_LEVEL = "-O";
				VALIDATE_PRODUCT = YES;
			};
			name = Release;
		};
		DB51D7D329A034970060FFD7 /* Debug */ = {
			isa = XCBuildConfiguration;
			buildSettings = {
				ASSETCATALOG_COMPILER_APPICON_NAME = AppIcon;
				ASSETCATALOG_COMPILER_GLOBAL_ACCENT_COLOR_NAME = AccentColor;
				CODE_SIGN_STYLE = Automatic;
				CURRENT_PROJECT_VERSION = 1;
				GENERATE_INFOPLIST_FILE = YES;
				INFOPLIST_FILE = ImageFeed/Info.plist;
				INFOPLIST_KEY_UIApplicationSupportsIndirectInputEvents = YES;
				INFOPLIST_KEY_UILaunchStoryboardName = LaunchScreen;
				INFOPLIST_KEY_UIMainStoryboardFile = Main;
				INFOPLIST_KEY_UISupportedInterfaceOrientations = UIInterfaceOrientationPortrait;
				INFOPLIST_KEY_UISupportedInterfaceOrientations_iPad = "";
				IPHONEOS_DEPLOYMENT_TARGET = 13.0;
				LD_RUNPATH_SEARCH_PATHS = (
					"$(inherited)",
					"@executable_path/Frameworks",
				);
				MARKETING_VERSION = 1.0;
				PRODUCT_BUNDLE_IDENTIFIER = ru.AndreyENR34.ImageFeed;
				PRODUCT_NAME = "$(TARGET_NAME)";
				SUPPORTED_PLATFORMS = "iphoneos iphonesimulator";
				SUPPORTS_MACCATALYST = NO;
				SUPPORTS_MAC_DESIGNED_FOR_IPHONE_IPAD = YES;
				SWIFT_EMIT_LOC_STRINGS = YES;
				SWIFT_VERSION = 5.0;
				TARGETED_DEVICE_FAMILY = 1;
			};
			name = Debug;
		};
		DB51D7D429A034970060FFD7 /* Release */ = {
			isa = XCBuildConfiguration;
			buildSettings = {
				ASSETCATALOG_COMPILER_APPICON_NAME = AppIcon;
				ASSETCATALOG_COMPILER_GLOBAL_ACCENT_COLOR_NAME = AccentColor;
				CODE_SIGN_STYLE = Automatic;
				CURRENT_PROJECT_VERSION = 1;
				GENERATE_INFOPLIST_FILE = YES;
				INFOPLIST_FILE = ImageFeed/Info.plist;
				INFOPLIST_KEY_UIApplicationSupportsIndirectInputEvents = YES;
				INFOPLIST_KEY_UILaunchStoryboardName = LaunchScreen;
				INFOPLIST_KEY_UIMainStoryboardFile = Main;
				INFOPLIST_KEY_UISupportedInterfaceOrientations = UIInterfaceOrientationPortrait;
				INFOPLIST_KEY_UISupportedInterfaceOrientations_iPad = "";
				IPHONEOS_DEPLOYMENT_TARGET = 13.0;
				LD_RUNPATH_SEARCH_PATHS = (
					"$(inherited)",
					"@executable_path/Frameworks",
				);
				MARKETING_VERSION = 1.0;
				PRODUCT_BUNDLE_IDENTIFIER = ru.AndreyENR34.ImageFeed;
				PRODUCT_NAME = "$(TARGET_NAME)";
				SUPPORTED_PLATFORMS = "iphoneos iphonesimulator";
				SUPPORTS_MACCATALYST = NO;
				SUPPORTS_MAC_DESIGNED_FOR_IPHONE_IPAD = YES;
				SWIFT_EMIT_LOC_STRINGS = YES;
				SWIFT_VERSION = 5.0;
				TARGETED_DEVICE_FAMILY = 1;
			};
			name = Release;
		};
/* End XCBuildConfiguration section */

/* Begin XCConfigurationList section */
		DB51D7B929A034950060FFD7 /* Build configuration list for PBXProject "ImageFeed" */ = {
			isa = XCConfigurationList;
			buildConfigurations = (
				DB51D7D029A034970060FFD7 /* Debug */,
				DB51D7D129A034970060FFD7 /* Release */,
			);
			defaultConfigurationIsVisible = 0;
			defaultConfigurationName = Release;
		};
		DB51D7D229A034970060FFD7 /* Build configuration list for PBXNativeTarget "ImageFeed" */ = {
			isa = XCConfigurationList;
			buildConfigurations = (
				DB51D7D329A034970060FFD7 /* Debug */,
				DB51D7D429A034970060FFD7 /* Release */,
			);
			defaultConfigurationIsVisible = 0;
			defaultConfigurationName = Release;
		};
/* End XCConfigurationList section */

/* Begin XCRemoteSwiftPackageReference section */
		DBC204C02AB418320064CDD1 /* XCRemoteSwiftPackageReference "ProgressHUD" */ = {
			isa = XCRemoteSwiftPackageReference;
			repositoryURL = "https://github.com/relatedcode/ProgressHUD";
			requirement = {
				kind = upToNextMajorVersion;
				minimumVersion = 13.0.0;
			};
		};
		DBD024992ACADAA100D49E1A /* XCRemoteSwiftPackageReference "Kingfisher" */ = {
			isa = XCRemoteSwiftPackageReference;
			repositoryURL = "https://github.com/onevcat/Kingfisher";
			requirement = {
				kind = upToNextMajorVersion;
				minimumVersion = 7.0.0;
			};
		};
		DBD0249C2ACC287F00D49E1A /* XCRemoteSwiftPackageReference "SwiftKeychainWrapper" */ = {
			isa = XCRemoteSwiftPackageReference;
			repositoryURL = "https://github.com/jrendel/SwiftKeychainWrapper";
			requirement = {
				kind = upToNextMajorVersion;
				minimumVersion = 4.0.0;
			};
		};
/* End XCRemoteSwiftPackageReference section */

/* Begin XCSwiftPackageProductDependency section */
		DBC204C12AB418320064CDD1 /* ProgressHUD */ = {
			isa = XCSwiftPackageProductDependency;
			package = DBC204C02AB418320064CDD1 /* XCRemoteSwiftPackageReference "ProgressHUD" */;
			productName = ProgressHUD;
		};
		DBD0249A2ACADAA100D49E1A /* Kingfisher */ = {
			isa = XCSwiftPackageProductDependency;
			package = DBD024992ACADAA100D49E1A /* XCRemoteSwiftPackageReference "Kingfisher" */;
			productName = Kingfisher;
		};
		DBD0249D2ACC287F00D49E1A /* SwiftKeychainWrapper */ = {
			isa = XCSwiftPackageProductDependency;
			package = DBD0249C2ACC287F00D49E1A /* XCRemoteSwiftPackageReference "SwiftKeychainWrapper" */;
			productName = SwiftKeychainWrapper;
		};
/* End XCSwiftPackageProductDependency section */
	};
	rootObject = DB51D7B629A034950060FFD7 /* Project object */;
}
